
Microsoft Visual Studio Solution File, Format Version 11.00
# Visual Studio 2010
Project("{8BC9CEB8-8B4A-11D0-8D11-00A0C91BC942}") = "algo", "algo\algo.vcxproj", "{724CD5D7-B9B5-4335-8D46-BE2D7D4CABFF}"
EndProject
Global
	GlobalSection(SolutionConfigurationPlatforms) = preSolution
		Debug|Win32 = Debug|Win32
		Release|Win32 = Release|Win32
	EndGlobalSection
	GlobalSection(ProjectConfigurationPlatforms) = postSolution
		{724CD5D7-B9B5-4335-8D46-BE2D7D4CABFF}.Debug|Win32.ActiveCfg = Debug|Win32
		{724CD5D7-B9B5-4335-8D46-BE2D7D4CABFF}.Debug|Win32.Build.0 = Debug|Win32
		{724CD5D7-B9B5-4335-8D46-BE2D7D4CABFF}.Release|Win32.ActiveCfg = Release|Win32
		{724CD5D7-B9B5-4335-8D46-BE2D7D4CABFF}.Release|Win32.Build.0 = Release|Win32
	EndGlobalSection
	GlobalSection(SolutionProperties) = preSolution
		HideSolutionNode = FALSE
	EndGlobalSection
EndGlobal
